
Microsoft Visual Studio Solution File, Format Version 12.00
# Visual Studio Version 17
VisualStudioVersion = 17.5.33627.172
MinimumVisualStudioVersion = 10.0.40219.1
Project("{FAE04EC0-301F-11D3-BF4B-00C04F79EFBC}") = "ProyectoFinal23cv", "ProyectoFinal23cv\ProyectoFinal23cv.csproj", "{1A612578-BA54-48BD-8739-98560CB939BE}"
EndProject
Global
	GlobalSection(SolutionConfigurationPlatforms) = preSolution
		Debug|Any CPU = Debug|Any CPU
		Release|Any CPU = Release|Any CPU
	EndGlobalSection
	GlobalSection(ProjectConfigurationPlatforms) = postSolution
		{1A612578-BA54-48BD-8739-98560CB939BE}.Debug|Any CPU.ActiveCfg = Debug|Any CPU
		{1A612578-BA54-48BD-8739-98560CB939BE}.Debug|Any CPU.Build.0 = Debug|Any CPU
		{1A612578-BA54-48BD-8739-98560CB939BE}.Release|Any CPU.ActiveCfg = Release|Any CPU
		{1A612578-BA54-48BD-8739-98560CB939BE}.Release|Any CPU.Build.0 = Release|Any CPU
	EndGlobalSection
	GlobalSection(SolutionProperties) = preSolution
		HideSolutionNode = FALSE
	EndGlobalSection
	GlobalSection(ExtensibilityGlobals) = postSolution
		SolutionGuid = {BB76A1FE-D94A-45B7-8D5F-4BFC9B6D60A8}
	EndGlobalSection
EndGlobal
